// !$*UTF8*$!
{
	archiveVersion = 1;
	classes = {
	};
	objectVersion = 46;
	objects = {

/* Begin PBXBuildFile section */
		E6331CD119591CD100BB8BCD /* main.swift in Sources */ = {isa = PBXBuildFile; fileRef = E6331CD019591CD100BB8BCD /* main.swift */; };
		E6331CD319591CD100BB8BCD /* AppDelegate.swift in Sources */ = {isa = PBXBuildFile; fileRef = E6331CD219591CD100BB8BCD /* AppDelegate.swift */; };
		E6331CD519591CD100BB8BCD /* Images.xcassets in Resources */ = {isa = PBXBuildFile; fileRef = E6331CD419591CD100BB8BCD /* Images.xcassets */; };
		E6331CD819591CD100BB8BCD /* MainMenu.xib in Resources */ = {isa = PBXBuildFile; fileRef = E6331CD619591CD100BB8BCD /* MainMenu.xib */; };
		E6331CEE1959266F00BB8BCD /* ModelClasses.swift in Sources */ = {isa = PBXBuildFile; fileRef = E6331CED1959266F00BB8BCD /* ModelClasses.swift */; };
		E6E54E781975E8F600F2FA6B /* EI-360.NET in Resources */ = {isa = PBXBuildFile; fileRef = E6E54E771975E8F600F2FA6B /* EI-360.NET */; };
		E6E54E7B1975EB4300F2FA6B /* NetlistConverterTests.swift in Sources */ = {isa = PBXBuildFile; fileRef = E6E54E7A1975EB4300F2FA6B /* NetlistConverterTests.swift */; };
		E6E54E831975EF0100F2FA6B /* Info.plist in Resources */ = {isa = PBXBuildFile; fileRef = E6E54E821975EF0100F2FA6B /* Info.plist */; };
		E6E54E871975F48500F2FA6B /* EI-385 Main.NET in Resources */ = {isa = PBXBuildFile; fileRef = E6E54E841975F48500F2FA6B /* EI-385 Main.NET */; };
		E6E54E881975F48500F2FA6B /* EI-387 Main.NET in Resources */ = {isa = PBXBuildFile; fileRef = E6E54E851975F48500F2FA6B /* EI-387 Main.NET */; };
		E6E54E891975F48500F2FA6B /* EI-411 Project.NET in Resources */ = {isa = PBXBuildFile; fileRef = E6E54E861975F48500F2FA6B /* EI-411 Project.NET */; };
/* End PBXBuildFile section */

/* Begin PBXContainerItemProxy section */
		E6331CDE19591CD100BB8BCD /* PBXContainerItemProxy */ = {
			isa = PBXContainerItemProxy;
			containerPortal = E6331CC319591CD100BB8BCD /* Project object */;
			proxyType = 1;
			remoteGlobalIDString = E6331CCA19591CD100BB8BCD;
			remoteInfo = NetlistConverter;
		};
/* End PBXContainerItemProxy section */

/* Begin PBXFileReference section */
		E6331CCB19591CD100BB8BCD /* NetlistConverter.app */ = {isa = PBXFileReference; explicitFileType = wrapper.application; includeInIndex = 0; path = NetlistConverter.app; sourceTree = BUILT_PRODUCTS_DIR; };
		E6331CCF19591CD100BB8BCD /* Info.plist */ = {isa = PBXFileReference; lastKnownFileType = text.plist.xml; path = Info.plist; sourceTree = "<group>"; };
		E6331CD019591CD100BB8BCD /* main.swift */ = {isa = PBXFileReference; lastKnownFileType = sourcecode.swift; path = main.swift; sourceTree = "<group>"; };
		E6331CD219591CD100BB8BCD /* AppDelegate.swift */ = {isa = PBXFileReference; lastKnownFileType = sourcecode.swift; path = AppDelegate.swift; sourceTree = "<group>"; };
		E6331CD419591CD100BB8BCD /* Images.xcassets */ = {isa = PBXFileReference; lastKnownFileType = folder.assetcatalog; path = Images.xcassets; sourceTree = "<group>"; };
		E6331CD719591CD100BB8BCD /* Base */ = {isa = PBXFileReference; lastKnownFileType = file.xib; name = Base; path = Base.lproj/MainMenu.xib; sourceTree = "<group>"; };
		E6331CDD19591CD100BB8BCD /* NetlistConverterTests.xctest */ = {isa = PBXFileReference; explicitFileType = wrapper.cfbundle; includeInIndex = 0; path = NetlistConverterTests.xctest; sourceTree = BUILT_PRODUCTS_DIR; };
		E6331CED1959266F00BB8BCD /* ModelClasses.swift */ = {isa = PBXFileReference; fileEncoding = 4; lastKnownFileType = sourcecode.swift; path = ModelClasses.swift; sourceTree = "<group>"; };
		E6331CEF1959296300BB8BCD /* MyPlayground.playground */ = {isa = PBXFileReference; lastKnownFileType = file.playground; path = MyPlayground.playground; sourceTree = "<group>"; };
		E6E54E771975E8F600F2FA6B /* EI-360.NET */ = {isa = PBXFileReference; fileEncoding = 4; lastKnownFileType = text; path = "EI-360.NET"; sourceTree = "<group>"; };
		E6E54E791975EB4300F2FA6B /* NetlistConverterTests-Bridging-Header.h */ = {isa = PBXFileReference; lastKnownFileType = sourcecode.c.h; path = "NetlistConverterTests-Bridging-Header.h"; sourceTree = "<group>"; };
		E6E54E7A1975EB4300F2FA6B /* NetlistConverterTests.swift */ = {isa = PBXFileReference; fileEncoding = 4; lastKnownFileType = sourcecode.swift; path = NetlistConverterTests.swift; sourceTree = "<group>"; };
		E6E54E821975EF0100F2FA6B /* Info.plist */ = {isa = PBXFileReference; fileEncoding = 4; lastKnownFileType = text.plist.xml; path = Info.plist; sourceTree = "<group>"; };
		E6E54E841975F48500F2FA6B /* EI-385 Main.NET */ = {isa = PBXFileReference; fileEncoding = 4; lastKnownFileType = text; path = "EI-385 Main.NET"; sourceTree = "<group>"; };
		E6E54E851975F48500F2FA6B /* EI-387 Main.NET */ = {isa = PBXFileReference; fileEncoding = 4; lastKnownFileType = text; path = "EI-387 Main.NET"; sourceTree = "<group>"; };
		E6E54E861975F48500F2FA6B /* EI-411 Project.NET */ = {isa = PBXFileReference; fileEncoding = 4; lastKnownFileType = text; path = "EI-411 Project.NET"; sourceTree = "<group>"; };
/* End PBXFileReference section */

/* Begin PBXFrameworksBuildPhase section */
		E6331CC819591CD100BB8BCD /* Frameworks */ = {
			isa = PBXFrameworksBuildPhase;
			buildActionMask = 2147483647;
			files = (
			);
			runOnlyForDeploymentPostprocessing = 0;
		};
		E6331CDA19591CD100BB8BCD /* Frameworks */ = {
			isa = PBXFrameworksBuildPhase;
			buildActionMask = 2147483647;
			files = (
			);
			runOnlyForDeploymentPostprocessing = 0;
		};
/* End PBXFrameworksBuildPhase section */

/* Begin PBXGroup section */
		E6331CC219591CD100BB8BCD = {
			isa = PBXGroup;
			children = (
				E6331CCD19591CD100BB8BCD /* NetlistConverter */,
				E6331CE019591CD100BB8BCD /* NetlistConverterTests */,
				E6331CCC19591CD100BB8BCD /* Products */,
			);
			sourceTree = "<group>";
		};
		E6331CCC19591CD100BB8BCD /* Products */ = {
			isa = PBXGroup;
			children = (
				E6331CCB19591CD100BB8BCD /* NetlistConverter.app */,
				E6331CDD19591CD100BB8BCD /* NetlistConverterTests.xctest */,
			);
			name = Products;
			sourceTree = "<group>";
		};
		E6331CCD19591CD100BB8BCD /* NetlistConverter */ = {
			isa = PBXGroup;
			children = (
				E6331CD219591CD100BB8BCD /* AppDelegate.swift */,
				E6331CEF1959296300BB8BCD /* MyPlayground.playground */,
				E6331CED1959266F00BB8BCD /* ModelClasses.swift */,
				E6331CD419591CD100BB8BCD /* Images.xcassets */,
				E6331CD619591CD100BB8BCD /* MainMenu.xib */,
				E6331CCE19591CD100BB8BCD /* Supporting Files */,
			);
			path = NetlistConverter;
			sourceTree = "<group>";
		};
		E6331CCE19591CD100BB8BCD /* Supporting Files */ = {
			isa = PBXGroup;
			children = (
				E6331CCF19591CD100BB8BCD /* Info.plist */,
				E6331CD019591CD100BB8BCD /* main.swift */,
			);
			name = "Supporting Files";
			sourceTree = "<group>";
		};
		E6331CE019591CD100BB8BCD /* NetlistConverterTests */ = {
			isa = PBXGroup;
			children = (
				E6E54E841975F48500F2FA6B /* EI-385 Main.NET */,
				E6E54E851975F48500F2FA6B /* EI-387 Main.NET */,
				E6E54E861975F48500F2FA6B /* EI-411 Project.NET */,
				E6E54E771975E8F600F2FA6B /* EI-360.NET */,
				E6E54E7A1975EB4300F2FA6B /* NetlistConverterTests.swift */,
				E6E54E791975EB4300F2FA6B /* NetlistConverterTests-Bridging-Header.h */,
				E6E54E821975EF0100F2FA6B /* Info.plist */,
				E6331CE119591CD100BB8BCD /* Supporting Files */,
			);
			path = NetlistConverterTests;
			sourceTree = "<group>";
		};
		E6331CE119591CD100BB8BCD /* Supporting Files */ = {
			isa = PBXGroup;
			children = (
			);
			name = "Supporting Files";
			sourceTree = "<group>";
		};
/* End PBXGroup section */

/* Begin PBXNativeTarget section */
		E6331CCA19591CD100BB8BCD /* NetlistConverter */ = {
			isa = PBXNativeTarget;
			buildConfigurationList = E6331CE719591CD100BB8BCD /* Build configuration list for PBXNativeTarget "NetlistConverter" */;
			buildPhases = (
				E6331CC719591CD100BB8BCD /* Sources */,
				E6331CC819591CD100BB8BCD /* Frameworks */,
				E6331CC919591CD100BB8BCD /* Resources */,
			);
			buildRules = (
			);
			dependencies = (
			);
			name = NetlistConverter;
			productName = NetlistConverter;
			productReference = E6331CCB19591CD100BB8BCD /* NetlistConverter.app */;
			productType = "com.apple.product-type.application";
		};
		E6331CDC19591CD100BB8BCD /* NetlistConverterTests */ = {
			isa = PBXNativeTarget;
			buildConfigurationList = E6331CEA19591CD100BB8BCD /* Build configuration list for PBXNativeTarget "NetlistConverterTests" */;
			buildPhases = (
				E6331CD919591CD100BB8BCD /* Sources */,
				E6331CDA19591CD100BB8BCD /* Frameworks */,
				E6331CDB19591CD100BB8BCD /* Resources */,
			);
			buildRules = (
			);
			dependencies = (
				E6331CDF19591CD100BB8BCD /* PBXTargetDependency */,
			);
			name = NetlistConverterTests;
			productName = NetlistConverterTests;
			productReference = E6331CDD19591CD100BB8BCD /* NetlistConverterTests.xctest */;
			productType = "com.apple.product-type.bundle.unit-test";
		};
/* End PBXNativeTarget section */

/* Begin PBXProject section */
		E6331CC319591CD100BB8BCD /* Project object */ = {
			isa = PBXProject;
			attributes = {
				LastUpgradeCheck = 0600;
				ORGANIZATIONNAME = "Electronic Innovations";
				TargetAttributes = {
					E6331CCA19591CD100BB8BCD = {
						CreatedOnToolsVersion = 6.0;
					};
					E6331CDC19591CD100BB8BCD = {
						CreatedOnToolsVersion = 6.0;
						TestTargetID = E6331CCA19591CD100BB8BCD;
					};
				};
			};
			buildConfigurationList = E6331CC619591CD100BB8BCD /* Build configuration list for PBXProject "NetlistConverter" */;
			compatibilityVersion = "Xcode 3.2";
			developmentRegion = English;
			hasScannedForEncodings = 0;
			knownRegions = (
				en,
				Base,
			);
			mainGroup = E6331CC219591CD100BB8BCD;
			productRefGroup = E6331CCC19591CD100BB8BCD /* Products */;
			projectDirPath = "";
			projectRoot = "";
			targets = (
				E6331CCA19591CD100BB8BCD /* NetlistConverter */,
				E6331CDC19591CD100BB8BCD /* NetlistConverterTests */,
			);
		};
/* End PBXProject section */

/* Begin PBXResourcesBuildPhase section */
		E6331CC919591CD100BB8BCD /* Resources */ = {
			isa = PBXResourcesBuildPhase;
			buildActionMask = 2147483647;
			files = (
				E6331CD519591CD100BB8BCD /* Images.xcassets in Resources */,
				E6331CD819591CD100BB8BCD /* MainMenu.xib in Resources */,
			);
			runOnlyForDeploymentPostprocessing = 0;
		};
		E6331CDB19591CD100BB8BCD /* Resources */ = {
			isa = PBXResourcesBuildPhase;
			buildActionMask = 2147483647;
			files = (
				E6E54E871975F48500F2FA6B /* EI-385 Main.NET in Resources */,
				E6E54E831975EF0100F2FA6B /* Info.plist in Resources */,
				E6E54E881975F48500F2FA6B /* EI-387 Main.NET in Resources */,
				E6E54E781975E8F600F2FA6B /* EI-360.NET in Resources */,
				E6E54E891975F48500F2FA6B /* EI-411 Project.NET in Resources */,
			);
			runOnlyForDeploymentPostprocessing = 0;
		};
/* End PBXResourcesBuildPhase section */

/* Begin PBXSourcesBuildPhase section */
		E6331CC719591CD100BB8BCD /* Sources */ = {
			isa = PBXSourcesBuildPhase;
			buildActionMask = 2147483647;
			files = (
				E6331CD319591CD100BB8BCD /* AppDelegate.swift in Sources */,
				E6331CEE1959266F00BB8BCD /* ModelClasses.swift in Sources */,
				E6331CD119591CD100BB8BCD /* main.swift in Sources */,
			);
			runOnlyForDeploymentPostprocessing = 0;
		};
		E6331CD919591CD100BB8BCD /* Sources */ = {
			isa = PBXSourcesBuildPhase;
			buildActionMask = 2147483647;
			files = (
				E6E54E7B1975EB4300F2FA6B /* NetlistConverterTests.swift in Sources */,
			);
			runOnlyForDeploymentPostprocessing = 0;
		};
/* End PBXSourcesBuildPhase section */

/* Begin PBXTargetDependency section */
		E6331CDF19591CD100BB8BCD /* PBXTargetDependency */ = {
			isa = PBXTargetDependency;
			target = E6331CCA19591CD100BB8BCD /* NetlistConverter */;
			targetProxy = E6331CDE19591CD100BB8BCD /* PBXContainerItemProxy */;
		};
/* End PBXTargetDependency section */

/* Begin PBXVariantGroup section */
		E6331CD619591CD100BB8BCD /* MainMenu.xib */ = {
			isa = PBXVariantGroup;
			children = (
				E6331CD719591CD100BB8BCD /* Base */,
			);
			name = MainMenu.xib;
			sourceTree = "<group>";
		};
/* End PBXVariantGroup section */

/* Begin XCBuildConfiguration section */
		E6331CE519591CD100BB8BCD /* Debug */ = {
			isa = XCBuildConfiguration;
			buildSettings = {
				ALWAYS_SEARCH_USER_PATHS = NO;
				CLANG_CXX_LANGUAGE_STANDARD = "gnu++0x";
				CLANG_CXX_LIBRARY = "libc++";
				CLANG_ENABLE_MODULES = YES;
				CLANG_ENABLE_OBJC_ARC = YES;
				CLANG_WARN_BOOL_CONVERSION = YES;
				CLANG_WARN_CONSTANT_CONVERSION = YES;
				CLANG_WARN_DIRECT_OBJC_ISA_USAGE = YES_ERROR;
				CLANG_WARN_EMPTY_BODY = YES;
				CLANG_WARN_ENUM_CONVERSION = YES;
				CLANG_WARN_INT_CONVERSION = YES;
				CLANG_WARN_OBJC_ROOT_CLASS = YES_ERROR;
				CLANG_WARN_UNREACHABLE_CODE = YES;
				CLANG_WARN__DUPLICATE_METHOD_MATCH = YES;
				CODE_SIGN_IDENTITY = "-";
				COPY_PHASE_STRIP = NO;
				ENABLE_STRICT_OBJC_MSGSEND = YES;
				GCC_C_LANGUAGE_STANDARD = gnu99;
				GCC_DYNAMIC_NO_PIC = NO;
				GCC_OPTIMIZATION_LEVEL = 0;
				GCC_PREPROCESSOR_DEFINITIONS = (
					"DEBUG=1",
					"$(inherited)",
				);
				GCC_SYMBOLS_PRIVATE_EXTERN = NO;
				GCC_WARN_64_TO_32_BIT_CONVERSION = YES;
				GCC_WARN_ABOUT_RETURN_TYPE = YES_ERROR;
				GCC_WARN_UNDECLARED_SELECTOR = YES;
				GCC_WARN_UNINITIALIZED_AUTOS = YES_AGGRESSIVE;
				GCC_WARN_UNUSED_FUNCTION = YES;
				GCC_WARN_UNUSED_VARIABLE = YES;
				MACOSX_DEPLOYMENT_TARGET = 10.9;
				METAL_ENABLE_DEBUG_INFO = YES;
				ONLY_ACTIVE_ARCH = YES;
				SDKROOT = macosx;
				SWIFT_OPTIMIZATION_LEVEL = "-Onone";
			};
			name = Debug;
		};
		E6331CE619591CD100BB8BCD /* Release */ = {
			isa = XCBuildConfiguration;
			buildSettings = {
				ALWAYS_SEARCH_USER_PATHS = NO;
				CLANG_CXX_LANGUAGE_STANDARD = "gnu++0x";
				CLANG_CXX_LIBRARY = "libc++";
				CLANG_ENABLE_MODULES = YES;
				CLANG_ENABLE_OBJC_ARC = YES;
				CLANG_WARN_BOOL_CONVERSION = YES;
				CLANG_WARN_CONSTANT_CONVERSION = YES;
				CLANG_WARN_DIRECT_OBJC_ISA_USAGE = YES_ERROR;
				CLANG_WARN_EMPTY_BODY = YES;
				CLANG_WARN_ENUM_CONVERSION = YES;
				CLANG_WARN_INT_CONVERSION = YES;
				CLANG_WARN_OBJC_ROOT_CLASS = YES_ERROR;
				CLANG_WARN_UNREACHABLE_CODE = YES;
				CLANG_WARN__DUPLICATE_METHOD_MATCH = YES;
				CODE_SIGN_IDENTITY = "-";
				COPY_PHASE_STRIP = YES;
				DEBUG_INFORMATION_FORMAT = "dwarf-with-dsym";
				ENABLE_NS_ASSERTIONS = NO;
				ENABLE_STRICT_OBJC_MSGSEND = YES;
				GCC_C_LANGUAGE_STANDARD = gnu99;
				GCC_WARN_64_TO_32_BIT_CONVERSION = YES;
				GCC_WARN_ABOUT_RETURN_TYPE = YES_ERROR;
				GCC_WARN_UNDECLARED_SELECTOR = YES;
				GCC_WARN_UNINITIALIZED_AUTOS = YES_AGGRESSIVE;
				GCC_WARN_UNUSED_FUNCTION = YES;
				GCC_WARN_UNUSED_VARIABLE = YES;
				MACOSX_DEPLOYMENT_TARGET = 10.9;
				METAL_ENABLE_DEBUG_INFO = NO;
				SDKROOT = macosx;
			};
			name = Release;
		};
		E6331CE819591CD100BB8BCD /* Debug */ = {
			isa = XCBuildConfiguration;
			buildSettings = {
				ASSETCATALOG_COMPILER_APPICON_NAME = AppIcon;
				COMBINE_HIDPI_IMAGES = YES;
				GCC_OPTIMIZATION_LEVEL = 0;
				INFOPLIST_FILE = NetlistConverter/Info.plist;
				LD_RUNPATH_SEARCH_PATHS = "$(inherited) @executable_path/../Frameworks";
				PRODUCT_NAME = "$(TARGET_NAME)";
			};
			name = Debug;
		};
		E6331CE919591CD100BB8BCD /* Release */ = {
			isa = XCBuildConfiguration;
			buildSettings = {
				ASSETCATALOG_COMPILER_APPICON_NAME = AppIcon;
				COMBINE_HIDPI_IMAGES = YES;
				INFOPLIST_FILE = NetlistConverter/Info.plist;
				LD_RUNPATH_SEARCH_PATHS = "$(inherited) @executable_path/../Frameworks";
				PRODUCT_NAME = "$(TARGET_NAME)";
			};
			name = Release;
		};
		E6331CEB19591CD100BB8BCD /* Debug */ = {
			isa = XCBuildConfiguration;
			buildSettings = {
				BUNDLE_LOADER = "$(BUILT_PRODUCTS_DIR)/NetlistConverter.app/Contents/MacOS/NetlistConverter";
				CLANG_ENABLE_MODULES = YES;
				COMBINE_HIDPI_IMAGES = YES;
				FRAMEWORK_SEARCH_PATHS = (
					"$(DEVELOPER_FRAMEWORKS_DIR)",
					"$(inherited)",
				);
				GCC_PREPROCESSOR_DEFINITIONS = (
					"DEBUG=1",
					"$(inherited)",
				);
				INFOPLIST_FILE = NetlistConverterTests/Info.plist;
				LD_RUNPATH_SEARCH_PATHS = "$(inherited) @executable_path/../Frameworks @loader_path/../Frameworks";
				METAL_ENABLE_DEBUG_INFO = YES;
				PRODUCT_NAME = "$(TARGET_NAME)";
				SWIFT_OBJC_BRIDGING_HEADER = "NetlistConverterTests/NetlistConverterTests-Bridging-Header.h";
				SWIFT_OPTIMIZATION_LEVEL = "-Onone";
				TEST_HOST = "$(BUNDLE_LOADER)";
			};
			name = Debug;
		};
		E6331CEC19591CD100BB8BCD /* Release */ = {
			isa = XCBuildConfiguration;
			buildSettings = {
				BUNDLE_LOADER = "$(BUILT_PRODUCTS_DIR)/NetlistConverter.app/Contents/MacOS/NetlistConverter";
				CLANG_ENABLE_MODULES = YES;
				COMBINE_HIDPI_IMAGES = YES;
				FRAMEWORK_SEARCH_PATHS = (
					"$(DEVELOPER_FRAMEWORKS_DIR)",
					"$(inherited)",
				);
				INFOPLIST_FILE = NetlistConverterTests/Info.plist;
				LD_RUNPATH_SEARCH_PATHS = "$(inherited) @executable_path/../Frameworks @loader_path/../Frameworks";
				METAL_ENABLE_DEBUG_INFO = NO;
				PRODUCT_NAME = "$(TARGET_NAME)";
				SWIFT_OBJC_BRIDGING_HEADER = "NetlistConverterTests/NetlistConverterTests-Bridging-Header.h";
				TEST_HOST = "$(BUNDLE_LOADER)";
			};
			name = Release;
		};
/* End XCBuildConfiguration section */

/* Begin XCConfigurationList section */
		E6331CC619591CD100BB8BCD /* Build configuration list for PBXProject "NetlistConverter" */ = {
			isa = XCConfigurationList;
			buildConfigurations = (
				E6331CE519591CD100BB8BCD /* Debug */,
				E6331CE619591CD100BB8BCD /* Release */,
			);
			defaultConfigurationIsVisible = 0;
			defaultConfigurationName = Debug;
		};
		E6331CE719591CD100BB8BCD /* Build configuration list for PBXNativeTarget "NetlistConverter" */ = {
			isa = XCConfigurationList;
			buildConfigurations = (
				E6331CE819591CD100BB8BCD /* Debug */,
				E6331CE919591CD100BB8BCD /* Release */,
			);
			defaultConfigurationIsVisible = 0;
			defaultConfigurationName = Debug;
		};
		E6331CEA19591CD100BB8BCD /* Build configuration list for PBXNativeTarget "NetlistConverterTests" */ = {
			isa = XCConfigurationList;
			buildConfigurations = (
				E6331CEB19591CD100BB8BCD /* Debug */,
				E6331CEC19591CD100BB8BCD /* Release */,
			);
			defaultConfigurationIsVisible = 0;
			defaultConfigurationName = Debug;
		};
/* End XCConfigurationList section */
	};
	rootObject = E6331CC319591CD100BB8BCD /* Project object */;
}
